
Microsoft Visual Studio Solution File, Format Version 12.00
# Visual Studio Version 17
VisualStudioVersion = 17.8.34322.80
MinimumVisualStudioVersion = 10.0.40219.1
Project("{FAE04EC0-301F-11D3-BF4B-00C04F79EFBC}") = "QPadBackend", "QPadBackend\QPadBackend.csproj", "{D62EB66D-6E15-4B38-B84D-B36E44F57629}"
EndProject
Global
	GlobalSection(SolutionConfigurationPlatforms) = preSolution
		Debug|Any CPU = Debug|Any CPU
		Release|Any CPU = Release|Any CPU
	EndGlobalSection
	GlobalSection(ProjectConfigurationPlatforms) = postSolution
		{D62EB66D-6E15-4B38-B84D-B36E44F57629}.Debug|Any CPU.ActiveCfg = Debug|Any CPU
		{D62EB66D-6E15-4B38-B84D-B36E44F57629}.Debug|Any CPU.Build.0 = Debug|Any CPU
		{D62EB66D-6E15-4B38-B84D-B36E44F57629}.Release|Any CPU.ActiveCfg = Release|Any CPU
		{D62EB66D-6E15-4B38-B84D-B36E44F57629}.Release|Any CPU.Build.0 = Release|Any CPU
	EndGlobalSection
	GlobalSection(SolutionProperties) = preSolution
		HideSolutionNode = FALSE
	EndGlobalSection
	GlobalSection(ExtensibilityGlobals) = postSolution
		SolutionGuid = {298B44A9-8C87-41E3-BFB5-63FDE9BCA930}
	EndGlobalSection
EndGlobal
